
Microsoft Visual Studio Solution File, Format Version 12.00
# Visual Studio Version 16
VisualStudioVersion = 16.0.29728.190
MinimumVisualStudioVersion = 10.0.40219.1
Project("{2150E333-8FDC-42A3-9474-1A3956D46DE8}") = "src", "src", "{EC2DC701-AC23-43D8-8FC1-DCFF44CA70D6}"
EndProject
Project("{9A19103F-16F7-4668-BE54-9A1E7A4F7556}") = "Products.Domain", "src\Products.Domain\Products.Domain.csproj", "{327497C1-4EB4-4C35-8E24-EE917F329C02}"
EndProject
Project("{2150E333-8FDC-42A3-9474-1A3956D46DE8}") = "test", "test", "{BC6CA7BA-B274-4A03-B5DB-9FA53852D76C}"
EndProject
Project("{9A19103F-16F7-4668-BE54-9A1E7A4F7556}") = "Products.Domain.UnitTests", "test\Products.Domain.UnitTests\Products.Domain.UnitTests.csproj", "{5F78741D-0682-4080-832B-686FB5260D00}"
EndProject
Project("{9A19103F-16F7-4668-BE54-9A1E7A4F7556}") = "Products.API", "src\Products.API\Products.API.csproj", "{43FA491D-D6E3-42C8-9BFF-DF483446B63C}"
EndProject
Project("{9A19103F-16F7-4668-BE54-9A1E7A4F7556}") = "Products.Infrastructure", "src\Products.Infrastructure\Products.Infrastructure.csproj", "{D6B17AD1-63A0-48B5-BA4D-31791174EBA4}"
EndProject
Project("{E53339B2-1760-4266-BCC7-CA923CBCF16C}") = "docker-compose", "docker-compose.dcproj", "{73801CD5-8594-4E9B-9224-94BE95E07E9F}"
EndProject
Project("{9A19103F-16F7-4668-BE54-9A1E7A4F7556}") = "Products.API.IntegrationTests", "test\Products.API.IntegrationTests\Products.API.IntegrationTests.csproj", "{B81A1842-08EE-43F0-83A3-9F4702A7E3F1}"
EndProject
Project("{9A19103F-16F7-4668-BE54-9A1E7A4F7556}") = "Products.TestData", "test\Products.TestData\Products.TestData.csproj", "{1503CCC9-C3C3-4287-817A-D7F96F785F4B}"
EndProject
Project("{FAE04EC0-301F-11D3-BF4B-00C04F79EFBC}") = "Products.API.UnitTests", "test\Products.API.UnitTests\Products.API.UnitTests.csproj", "{F44458E2-79D4-40AC-8F30-06C30AB19790}"
EndProject
Global
	GlobalSection(SolutionConfigurationPlatforms) = preSolution
		Debug|Any CPU = Debug|Any CPU
		Release|Any CPU = Release|Any CPU
	EndGlobalSection
	GlobalSection(ProjectConfigurationPlatforms) = postSolution
		{327497C1-4EB4-4C35-8E24-EE917F329C02}.Debug|Any CPU.ActiveCfg = Debug|Any CPU
		{327497C1-4EB4-4C35-8E24-EE917F329C02}.Debug|Any CPU.Build.0 = Debug|Any CPU
		{327497C1-4EB4-4C35-8E24-EE917F329C02}.Release|Any CPU.ActiveCfg = Release|Any CPU
		{327497C1-4EB4-4C35-8E24-EE917F329C02}.Release|Any CPU.Build.0 = Release|Any CPU
		{5F78741D-0682-4080-832B-686FB5260D00}.Debug|Any CPU.ActiveCfg = Debug|Any CPU
		{5F78741D-0682-4080-832B-686FB5260D00}.Debug|Any CPU.Build.0 = Debug|Any CPU
		{5F78741D-0682-4080-832B-686FB5260D00}.Release|Any CPU.ActiveCfg = Release|Any CPU
		{5F78741D-0682-4080-832B-686FB5260D00}.Release|Any CPU.Build.0 = Release|Any CPU
		{43FA491D-D6E3-42C8-9BFF-DF483446B63C}.Debug|Any CPU.ActiveCfg = Debug|Any CPU
		{43FA491D-D6E3-42C8-9BFF-DF483446B63C}.Debug|Any CPU.Build.0 = Debug|Any CPU
		{43FA491D-D6E3-42C8-9BFF-DF483446B63C}.Release|Any CPU.ActiveCfg = Release|Any CPU
		{43FA491D-D6E3-42C8-9BFF-DF483446B63C}.Release|Any CPU.Build.0 = Release|Any CPU
		{D6B17AD1-63A0-48B5-BA4D-31791174EBA4}.Debug|Any CPU.ActiveCfg = Debug|Any CPU
		{D6B17AD1-63A0-48B5-BA4D-31791174EBA4}.Debug|Any CPU.Build.0 = Debug|Any CPU
		{D6B17AD1-63A0-48B5-BA4D-31791174EBA4}.Release|Any CPU.ActiveCfg = Release|Any CPU
		{D6B17AD1-63A0-48B5-BA4D-31791174EBA4}.Release|Any CPU.Build.0 = Release|Any CPU
		{73801CD5-8594-4E9B-9224-94BE95E07E9F}.Debug|Any CPU.ActiveCfg = Debug|Any CPU
		{73801CD5-8594-4E9B-9224-94BE95E07E9F}.Debug|Any CPU.Build.0 = Debug|Any CPU
		{73801CD5-8594-4E9B-9224-94BE95E07E9F}.Release|Any CPU.ActiveCfg = Release|Any CPU
		{73801CD5-8594-4E9B-9224-94BE95E07E9F}.Release|Any CPU.Build.0 = Release|Any CPU
		{B81A1842-08EE-43F0-83A3-9F4702A7E3F1}.Debug|Any CPU.ActiveCfg = Debug|Any CPU
		{B81A1842-08EE-43F0-83A3-9F4702A7E3F1}.Debug|Any CPU.Build.0 = Debug|Any CPU
		{B81A1842-08EE-43F0-83A3-9F4702A7E3F1}.Release|Any CPU.ActiveCfg = Release|Any CPU
		{B81A1842-08EE-43F0-83A3-9F4702A7E3F1}.Release|Any CPU.Build.0 = Release|Any CPU
		{1503CCC9-C3C3-4287-817A-D7F96F785F4B}.Debug|Any CPU.ActiveCfg = Debug|Any CPU
		{1503CCC9-C3C3-4287-817A-D7F96F785F4B}.Debug|Any CPU.Build.0 = Debug|Any CPU
		{1503CCC9-C3C3-4287-817A-D7F96F785F4B}.Release|Any CPU.ActiveCfg = Release|Any CPU
		{1503CCC9-C3C3-4287-817A-D7F96F785F4B}.Release|Any CPU.Build.0 = Release|Any CPU
		{F44458E2-79D4-40AC-8F30-06C30AB19790}.Debug|Any CPU.ActiveCfg = Debug|Any CPU
		{F44458E2-79D4-40AC-8F30-06C30AB19790}.Debug|Any CPU.Build.0 = Debug|Any CPU
		{F44458E2-79D4-40AC-8F30-06C30AB19790}.Release|Any CPU.ActiveCfg = Release|Any CPU
		{F44458E2-79D4-40AC-8F30-06C30AB19790}.Release|Any CPU.Build.0 = Release|Any CPU
	EndGlobalSection
	GlobalSection(SolutionProperties) = preSolution
		HideSolutionNode = FALSE
	EndGlobalSection
	GlobalSection(NestedProjects) = preSolution
		{327497C1-4EB4-4C35-8E24-EE917F329C02} = {EC2DC701-AC23-43D8-8FC1-DCFF44CA70D6}
		{5F78741D-0682-4080-832B-686FB5260D00} = {BC6CA7BA-B274-4A03-B5DB-9FA53852D76C}
		{43FA491D-D6E3-42C8-9BFF-DF483446B63C} = {EC2DC701-AC23-43D8-8FC1-DCFF44CA70D6}
		{D6B17AD1-63A0-48B5-BA4D-31791174EBA4} = {EC2DC701-AC23-43D8-8FC1-DCFF44CA70D6}
		{B81A1842-08EE-43F0-83A3-9F4702A7E3F1} = {BC6CA7BA-B274-4A03-B5DB-9FA53852D76C}
		{1503CCC9-C3C3-4287-817A-D7F96F785F4B} = {BC6CA7BA-B274-4A03-B5DB-9FA53852D76C}
		{F44458E2-79D4-40AC-8F30-06C30AB19790} = {BC6CA7BA-B274-4A03-B5DB-9FA53852D76C}
	EndGlobalSection
	GlobalSection(ExtensibilityGlobals) = postSolution
		SolutionGuid = {8E37DAD3-DEAA-4D74-8C23-3D71EE5CC6A7}
	EndGlobalSection
EndGlobal
